
Microsoft Visual Studio Solution File, Format Version 12.00
# Visual Studio Version 16
VisualStudioVersion = 16.0.29326.143
MinimumVisualStudioVersion = 10.0.40219.1
Project("{8BC9CEB8-8B4A-11D0-8D11-00A0C91BC942}") = "Xoa_1_phan_tu_khoi_mang", "Xoa_1_phan_tu_khoi_mang\Xoa_1_phan_tu_khoi_mang.vcxproj", "{AC292ECC-B4AB-4332-BE1E-95D5C4FD6CE4}"
EndProject
Global
	GlobalSection(SolutionConfigurationPlatforms) = preSolution
		Debug|x64 = Debug|x64
		Debug|x86 = Debug|x86
		Release|x64 = Release|x64
		Release|x86 = Release|x86
	EndGlobalSection
	GlobalSection(ProjectConfigurationPlatforms) = postSolution
		{AC292ECC-B4AB-4332-BE1E-95D5C4FD6CE4}.Debug|x64.ActiveCfg = Debug|x64
		{AC292ECC-B4AB-4332-BE1E-95D5C4FD6CE4}.Debug|x64.Build.0 = Debug|x64
		{AC292ECC-B4AB-4332-BE1E-95D5C4FD6CE4}.Debug|x86.ActiveCfg = Debug|Win32
		{AC292ECC-B4AB-4332-BE1E-95D5C4FD6CE4}.Debug|x86.Build.0 = Debug|Win32
		{AC292ECC-B4AB-4332-BE1E-95D5C4FD6CE4}.Release|x64.ActiveCfg = Release|x64
		{AC292ECC-B4AB-4332-BE1E-95D5C4FD6CE4}.Release|x64.Build.0 = Release|x64
		{AC292ECC-B4AB-4332-BE1E-95D5C4FD6CE4}.Release|x86.ActiveCfg = Release|Win32
		{AC292ECC-B4AB-4332-BE1E-95D5C4FD6CE4}.Release|x86.Build.0 = Release|Win32
	EndGlobalSection
	GlobalSection(SolutionProperties) = preSolution
		HideSolutionNode = FALSE
	EndGlobalSection
	GlobalSection(ExtensibilityGlobals) = postSolution
		SolutionGuid = {D8488FF2-5463-4F9F-8C80-51683CBBA913}
	EndGlobalSection
EndGlobal
