
Microsoft Visual Studio Solution File, Format Version 12.00
# Visual Studio Version 16
VisualStudioVersion = 16.0.29326.143
MinimumVisualStudioVersion = 10.0.40219.1
Project("{8BC9CEB8-8B4A-11D0-8D11-00A0C91BC942}") = "Xoa_Phan_Tu_Khoi_Mang_Dong", "Xoa_Phan_Tu_Khoi_Mang_Dong\Xoa_Phan_Tu_Khoi_Mang_Dong.vcxproj", "{DDE0B878-997D-4CC7-AF23-F5B58F15E20F}"
EndProject
Global
	GlobalSection(SolutionConfigurationPlatforms) = preSolution
		Debug|x64 = Debug|x64
		Debug|x86 = Debug|x86
		Release|x64 = Release|x64
		Release|x86 = Release|x86
	EndGlobalSection
	GlobalSection(ProjectConfigurationPlatforms) = postSolution
		{DDE0B878-997D-4CC7-AF23-F5B58F15E20F}.Debug|x64.ActiveCfg = Debug|x64
		{DDE0B878-997D-4CC7-AF23-F5B58F15E20F}.Debug|x64.Build.0 = Debug|x64
		{DDE0B878-997D-4CC7-AF23-F5B58F15E20F}.Debug|x86.ActiveCfg = Debug|Win32
		{DDE0B878-997D-4CC7-AF23-F5B58F15E20F}.Debug|x86.Build.0 = Debug|Win32
		{DDE0B878-997D-4CC7-AF23-F5B58F15E20F}.Release|x64.ActiveCfg = Release|x64
		{DDE0B878-997D-4CC7-AF23-F5B58F15E20F}.Release|x64.Build.0 = Release|x64
		{DDE0B878-997D-4CC7-AF23-F5B58F15E20F}.Release|x86.ActiveCfg = Release|Win32
		{DDE0B878-997D-4CC7-AF23-F5B58F15E20F}.Release|x86.Build.0 = Release|Win32
	EndGlobalSection
	GlobalSection(SolutionProperties) = preSolution
		HideSolutionNode = FALSE
	EndGlobalSection
	GlobalSection(ExtensibilityGlobals) = postSolution
		SolutionGuid = {79DD183B-03BE-4141-9F8A-7D263EFC423A}
	EndGlobalSection
EndGlobal
