
Microsoft Visual Studio Solution File, Format Version 12.00
# Visual Studio Version 16
VisualStudioVersion = 16.0.29519.87
MinimumVisualStudioVersion = 10.0.40219.1
Project("{8BC9CEB8-8B4A-11D0-8D11-00A0C91BC942}") = "Tinh_Lien_Thong_Manh", "Tinh_Lien_Thong_Manh\Tinh_Lien_Thong_Manh.vcxproj", "{77670355-0594-4D3B-9AAE-FB0FA32B9276}"
EndProject
Global
	GlobalSection(SolutionConfigurationPlatforms) = preSolution
		Debug|x64 = Debug|x64
		Debug|x86 = Debug|x86
		Release|x64 = Release|x64
		Release|x86 = Release|x86
	EndGlobalSection
	GlobalSection(ProjectConfigurationPlatforms) = postSolution
		{77670355-0594-4D3B-9AAE-FB0FA32B9276}.Debug|x64.ActiveCfg = Debug|x64
		{77670355-0594-4D3B-9AAE-FB0FA32B9276}.Debug|x64.Build.0 = Debug|x64
		{77670355-0594-4D3B-9AAE-FB0FA32B9276}.Debug|x86.ActiveCfg = Debug|Win32
		{77670355-0594-4D3B-9AAE-FB0FA32B9276}.Debug|x86.Build.0 = Debug|Win32
		{77670355-0594-4D3B-9AAE-FB0FA32B9276}.Release|x64.ActiveCfg = Release|x64
		{77670355-0594-4D3B-9AAE-FB0FA32B9276}.Release|x64.Build.0 = Release|x64
		{77670355-0594-4D3B-9AAE-FB0FA32B9276}.Release|x86.ActiveCfg = Release|Win32
		{77670355-0594-4D3B-9AAE-FB0FA32B9276}.Release|x86.Build.0 = Release|Win32
	EndGlobalSection
	GlobalSection(SolutionProperties) = preSolution
		HideSolutionNode = FALSE
	EndGlobalSection
	GlobalSection(ExtensibilityGlobals) = postSolution
		SolutionGuid = {B2E20F3D-AE5D-47DD-8C5C-BAD8540D9637}
	EndGlobalSection
EndGlobal
