
Microsoft Visual Studio Solution File, Format Version 12.00
# Visual Studio Version 16
VisualStudioVersion = 16.0.29326.143
MinimumVisualStudioVersion = 10.0.40219.1
Project("{8BC9CEB8-8B4A-11D0-8D11-00A0C91BC942}") = "Lay_do_dai_in_hoa_thuong_dao_nguoc_chuoi_k_dung_ham_co_san", "Lay_do_dai_in_hoa_thuong_dao_nguoc_chuoi_k_dung_ham_co_san\Lay_do_dai_in_hoa_thuong_dao_nguoc_chuoi_k_dung_ham_co_san.vcxproj", "{A81A4C70-76F2-4A81-A312-F2106574465B}"
EndProject
Global
	GlobalSection(SolutionConfigurationPlatforms) = preSolution
		Debug|x64 = Debug|x64
		Debug|x86 = Debug|x86
		Release|x64 = Release|x64
		Release|x86 = Release|x86
	EndGlobalSection
	GlobalSection(ProjectConfigurationPlatforms) = postSolution
		{A81A4C70-76F2-4A81-A312-F2106574465B}.Debug|x64.ActiveCfg = Debug|x64
		{A81A4C70-76F2-4A81-A312-F2106574465B}.Debug|x64.Build.0 = Debug|x64
		{A81A4C70-76F2-4A81-A312-F2106574465B}.Debug|x86.ActiveCfg = Debug|Win32
		{A81A4C70-76F2-4A81-A312-F2106574465B}.Debug|x86.Build.0 = Debug|Win32
		{A81A4C70-76F2-4A81-A312-F2106574465B}.Release|x64.ActiveCfg = Release|x64
		{A81A4C70-76F2-4A81-A312-F2106574465B}.Release|x64.Build.0 = Release|x64
		{A81A4C70-76F2-4A81-A312-F2106574465B}.Release|x86.ActiveCfg = Release|Win32
		{A81A4C70-76F2-4A81-A312-F2106574465B}.Release|x86.Build.0 = Release|Win32
	EndGlobalSection
	GlobalSection(SolutionProperties) = preSolution
		HideSolutionNode = FALSE
	EndGlobalSection
	GlobalSection(ExtensibilityGlobals) = postSolution
		SolutionGuid = {90E05397-36E8-4F4E-BAFB-E71DC62CAE1E}
	EndGlobalSection
EndGlobal
