
Microsoft Visual Studio Solution File, Format Version 12.00
# Visual Studio Version 16
VisualStudioVersion = 16.0.29326.143
MinimumVisualStudioVersion = 10.0.40219.1
Project("{8BC9CEB8-8B4A-11D0-8D11-00A0C91BC942}") = "Tim_uoc_so_le_lon_nhat_cua_n", "Tim_uoc_so_le_lon_nhat_cua_n\Tim_uoc_so_le_lon_nhat_cua_n.vcxproj", "{5A9DBCEF-880F-4A48-9AD1-30F5724F8290}"
EndProject
Global
	GlobalSection(SolutionConfigurationPlatforms) = preSolution
		Debug|x64 = Debug|x64
		Debug|x86 = Debug|x86
		Release|x64 = Release|x64
		Release|x86 = Release|x86
	EndGlobalSection
	GlobalSection(ProjectConfigurationPlatforms) = postSolution
		{5A9DBCEF-880F-4A48-9AD1-30F5724F8290}.Debug|x64.ActiveCfg = Debug|x64
		{5A9DBCEF-880F-4A48-9AD1-30F5724F8290}.Debug|x64.Build.0 = Debug|x64
		{5A9DBCEF-880F-4A48-9AD1-30F5724F8290}.Debug|x86.ActiveCfg = Debug|Win32
		{5A9DBCEF-880F-4A48-9AD1-30F5724F8290}.Debug|x86.Build.0 = Debug|Win32
		{5A9DBCEF-880F-4A48-9AD1-30F5724F8290}.Release|x64.ActiveCfg = Release|x64
		{5A9DBCEF-880F-4A48-9AD1-30F5724F8290}.Release|x64.Build.0 = Release|x64
		{5A9DBCEF-880F-4A48-9AD1-30F5724F8290}.Release|x86.ActiveCfg = Release|Win32
		{5A9DBCEF-880F-4A48-9AD1-30F5724F8290}.Release|x86.Build.0 = Release|Win32
	EndGlobalSection
	GlobalSection(SolutionProperties) = preSolution
		HideSolutionNode = FALSE
	EndGlobalSection
	GlobalSection(ExtensibilityGlobals) = postSolution
		SolutionGuid = {A822ECA8-58AE-4E08-ACFF-C6681AF673F2}
	EndGlobalSection
EndGlobal
