
Microsoft Visual Studio Solution File, Format Version 12.00
# Visual Studio Version 16
VisualStudioVersion = 16.0.29326.143
MinimumVisualStudioVersion = 10.0.40219.1
Project("{8BC9CEB8-8B4A-11D0-8D11-00A0C91BC942}") = "Tan_Suat_Xuat_Hien_Cua_Cac_Ky_Tu", "Tan_Suat_Xuat_Hien_Cua_Cac_Ky_Tu\Tan_Suat_Xuat_Hien_Cua_Cac_Ky_Tu.vcxproj", "{20BBEB01-AA12-4D83-837A-3223F8F59A14}"
EndProject
Global
	GlobalSection(SolutionConfigurationPlatforms) = preSolution
		Debug|x64 = Debug|x64
		Debug|x86 = Debug|x86
		Release|x64 = Release|x64
		Release|x86 = Release|x86
	EndGlobalSection
	GlobalSection(ProjectConfigurationPlatforms) = postSolution
		{20BBEB01-AA12-4D83-837A-3223F8F59A14}.Debug|x64.ActiveCfg = Debug|x64
		{20BBEB01-AA12-4D83-837A-3223F8F59A14}.Debug|x64.Build.0 = Debug|x64
		{20BBEB01-AA12-4D83-837A-3223F8F59A14}.Debug|x86.ActiveCfg = Debug|Win32
		{20BBEB01-AA12-4D83-837A-3223F8F59A14}.Debug|x86.Build.0 = Debug|Win32
		{20BBEB01-AA12-4D83-837A-3223F8F59A14}.Release|x64.ActiveCfg = Release|x64
		{20BBEB01-AA12-4D83-837A-3223F8F59A14}.Release|x64.Build.0 = Release|x64
		{20BBEB01-AA12-4D83-837A-3223F8F59A14}.Release|x86.ActiveCfg = Release|Win32
		{20BBEB01-AA12-4D83-837A-3223F8F59A14}.Release|x86.Build.0 = Release|Win32
	EndGlobalSection
	GlobalSection(SolutionProperties) = preSolution
		HideSolutionNode = FALSE
	EndGlobalSection
	GlobalSection(ExtensibilityGlobals) = postSolution
		SolutionGuid = {9B759F90-CD8D-4420-9B56-FD112639F750}
	EndGlobalSection
EndGlobal
