
Microsoft Visual Studio Solution File, Format Version 12.00
# Visual Studio Version 16
VisualStudioVersion = 16.0.29519.87
MinimumVisualStudioVersion = 10.0.40219.1
Project("{8BC9CEB8-8B4A-11D0-8D11-00A0C91BC942}") = "Quan_Ly_Danh_Sach_Phan_So", "Quan_Ly_Danh_Sach_Phan_So\Quan_Ly_Danh_Sach_Phan_So.vcxproj", "{9D01BB44-4761-4EBB-84F9-8FFB9BE77F89}"
EndProject
Global
	GlobalSection(SolutionConfigurationPlatforms) = preSolution
		Debug|x64 = Debug|x64
		Debug|x86 = Debug|x86
		Release|x64 = Release|x64
		Release|x86 = Release|x86
	EndGlobalSection
	GlobalSection(ProjectConfigurationPlatforms) = postSolution
		{9D01BB44-4761-4EBB-84F9-8FFB9BE77F89}.Debug|x64.ActiveCfg = Debug|x64
		{9D01BB44-4761-4EBB-84F9-8FFB9BE77F89}.Debug|x64.Build.0 = Debug|x64
		{9D01BB44-4761-4EBB-84F9-8FFB9BE77F89}.Debug|x86.ActiveCfg = Debug|Win32
		{9D01BB44-4761-4EBB-84F9-8FFB9BE77F89}.Debug|x86.Build.0 = Debug|Win32
		{9D01BB44-4761-4EBB-84F9-8FFB9BE77F89}.Release|x64.ActiveCfg = Release|x64
		{9D01BB44-4761-4EBB-84F9-8FFB9BE77F89}.Release|x64.Build.0 = Release|x64
		{9D01BB44-4761-4EBB-84F9-8FFB9BE77F89}.Release|x86.ActiveCfg = Release|Win32
		{9D01BB44-4761-4EBB-84F9-8FFB9BE77F89}.Release|x86.Build.0 = Release|Win32
	EndGlobalSection
	GlobalSection(SolutionProperties) = preSolution
		HideSolutionNode = FALSE
	EndGlobalSection
	GlobalSection(ExtensibilityGlobals) = postSolution
		SolutionGuid = {885F493D-9133-4D0F-871C-F3A56C16D955}
	EndGlobalSection
EndGlobal
