
Microsoft Visual Studio Solution File, Format Version 12.00
# Visual Studio Version 16
VisualStudioVersion = 16.0.29519.87
MinimumVisualStudioVersion = 10.0.40219.1
Project("{8BC9CEB8-8B4A-11D0-8D11-00A0C91BC942}") = "Sap_xep_cac_ky_tu_giam_dan_theo_ma_ASCII", "Sap_xep_cac_ky_tu_giam_dan_theo_ma_ASCII\Sap_xep_cac_ky_tu_giam_dan_theo_ma_ASCII.vcxproj", "{3656D644-16BE-4151-9A40-37F25D1EC493}"
EndProject
Global
	GlobalSection(SolutionConfigurationPlatforms) = preSolution
		Debug|x64 = Debug|x64
		Debug|x86 = Debug|x86
		Release|x64 = Release|x64
		Release|x86 = Release|x86
	EndGlobalSection
	GlobalSection(ProjectConfigurationPlatforms) = postSolution
		{3656D644-16BE-4151-9A40-37F25D1EC493}.Debug|x64.ActiveCfg = Debug|x64
		{3656D644-16BE-4151-9A40-37F25D1EC493}.Debug|x64.Build.0 = Debug|x64
		{3656D644-16BE-4151-9A40-37F25D1EC493}.Debug|x86.ActiveCfg = Debug|Win32
		{3656D644-16BE-4151-9A40-37F25D1EC493}.Debug|x86.Build.0 = Debug|Win32
		{3656D644-16BE-4151-9A40-37F25D1EC493}.Release|x64.ActiveCfg = Release|x64
		{3656D644-16BE-4151-9A40-37F25D1EC493}.Release|x64.Build.0 = Release|x64
		{3656D644-16BE-4151-9A40-37F25D1EC493}.Release|x86.ActiveCfg = Release|Win32
		{3656D644-16BE-4151-9A40-37F25D1EC493}.Release|x86.Build.0 = Release|Win32
	EndGlobalSection
	GlobalSection(SolutionProperties) = preSolution
		HideSolutionNode = FALSE
	EndGlobalSection
	GlobalSection(ExtensibilityGlobals) = postSolution
		SolutionGuid = {5A70B4B6-4002-4BA6-B9FB-A13C473450FB}
	EndGlobalSection
EndGlobal
