
Microsoft Visual Studio Solution File, Format Version 12.00
# Visual Studio Version 16
VisualStudioVersion = 16.0.29326.143
MinimumVisualStudioVersion = 10.0.40219.1
Project("{8BC9CEB8-8B4A-11D0-8D11-00A0C91BC942}") = "Tinh_tich_uoc_so_cua_n", "Tinh_tich_uoc_so_cua_n\Tinh_tich_uoc_so_cua_n.vcxproj", "{E63E5A69-F878-433C-911C-E78AA91B88F9}"
EndProject
Global
	GlobalSection(SolutionConfigurationPlatforms) = preSolution
		Debug|x64 = Debug|x64
		Debug|x86 = Debug|x86
		Release|x64 = Release|x64
		Release|x86 = Release|x86
	EndGlobalSection
	GlobalSection(ProjectConfigurationPlatforms) = postSolution
		{E63E5A69-F878-433C-911C-E78AA91B88F9}.Debug|x64.ActiveCfg = Debug|x64
		{E63E5A69-F878-433C-911C-E78AA91B88F9}.Debug|x64.Build.0 = Debug|x64
		{E63E5A69-F878-433C-911C-E78AA91B88F9}.Debug|x86.ActiveCfg = Debug|Win32
		{E63E5A69-F878-433C-911C-E78AA91B88F9}.Debug|x86.Build.0 = Debug|Win32
		{E63E5A69-F878-433C-911C-E78AA91B88F9}.Release|x64.ActiveCfg = Release|x64
		{E63E5A69-F878-433C-911C-E78AA91B88F9}.Release|x64.Build.0 = Release|x64
		{E63E5A69-F878-433C-911C-E78AA91B88F9}.Release|x86.ActiveCfg = Release|Win32
		{E63E5A69-F878-433C-911C-E78AA91B88F9}.Release|x86.Build.0 = Release|Win32
	EndGlobalSection
	GlobalSection(SolutionProperties) = preSolution
		HideSolutionNode = FALSE
	EndGlobalSection
	GlobalSection(ExtensibilityGlobals) = postSolution
		SolutionGuid = {A357DCA4-2AFC-446F-8B3A-078EA83D7A76}
	EndGlobalSection
EndGlobal
