
Microsoft Visual Studio Solution File, Format Version 12.00
# Visual Studio Version 16
VisualStudioVersion = 16.0.29326.143
MinimumVisualStudioVersion = 10.0.40219.1
Project("{8BC9CEB8-8B4A-11D0-8D11-00A0C91BC942}") = "Tim_so_chan_lon_nhat_nho_hon_moi_gia_tri_le", "Tim_so_chan_lon_nhat_nho_hon_moi_gia_tri_le\Tim_so_chan_lon_nhat_nho_hon_moi_gia_tri_le.vcxproj", "{EE56D2D0-2EA1-4464-B2AB-81F327493421}"
EndProject
Global
	GlobalSection(SolutionConfigurationPlatforms) = preSolution
		Debug|x64 = Debug|x64
		Debug|x86 = Debug|x86
		Release|x64 = Release|x64
		Release|x86 = Release|x86
	EndGlobalSection
	GlobalSection(ProjectConfigurationPlatforms) = postSolution
		{EE56D2D0-2EA1-4464-B2AB-81F327493421}.Debug|x64.ActiveCfg = Debug|x64
		{EE56D2D0-2EA1-4464-B2AB-81F327493421}.Debug|x64.Build.0 = Debug|x64
		{EE56D2D0-2EA1-4464-B2AB-81F327493421}.Debug|x86.ActiveCfg = Debug|Win32
		{EE56D2D0-2EA1-4464-B2AB-81F327493421}.Debug|x86.Build.0 = Debug|Win32
		{EE56D2D0-2EA1-4464-B2AB-81F327493421}.Release|x64.ActiveCfg = Release|x64
		{EE56D2D0-2EA1-4464-B2AB-81F327493421}.Release|x64.Build.0 = Release|x64
		{EE56D2D0-2EA1-4464-B2AB-81F327493421}.Release|x86.ActiveCfg = Release|Win32
		{EE56D2D0-2EA1-4464-B2AB-81F327493421}.Release|x86.Build.0 = Release|Win32
	EndGlobalSection
	GlobalSection(SolutionProperties) = preSolution
		HideSolutionNode = FALSE
	EndGlobalSection
	GlobalSection(ExtensibilityGlobals) = postSolution
		SolutionGuid = {41AD0555-720A-4ACE-A029-66D47E4E19FF}
	EndGlobalSection
EndGlobal
