
Microsoft Visual Studio Solution File, Format Version 12.00
# Visual Studio Version 16
VisualStudioVersion = 16.0.29326.143
MinimumVisualStudioVersion = 10.0.40219.1
Project("{8BC9CEB8-8B4A-11D0-8D11-00A0C91BC942}") = "Sap_xep_mang_tang_dan", "Sap_xep_mang_tang_dan\Sap_xep_mang_tang_dan.vcxproj", "{243161A3-8622-468D-A903-FEB4F1003E1B}"
EndProject
Global
	GlobalSection(SolutionConfigurationPlatforms) = preSolution
		Debug|x64 = Debug|x64
		Debug|x86 = Debug|x86
		Release|x64 = Release|x64
		Release|x86 = Release|x86
	EndGlobalSection
	GlobalSection(ProjectConfigurationPlatforms) = postSolution
		{243161A3-8622-468D-A903-FEB4F1003E1B}.Debug|x64.ActiveCfg = Debug|x64
		{243161A3-8622-468D-A903-FEB4F1003E1B}.Debug|x64.Build.0 = Debug|x64
		{243161A3-8622-468D-A903-FEB4F1003E1B}.Debug|x86.ActiveCfg = Debug|Win32
		{243161A3-8622-468D-A903-FEB4F1003E1B}.Debug|x86.Build.0 = Debug|Win32
		{243161A3-8622-468D-A903-FEB4F1003E1B}.Release|x64.ActiveCfg = Release|x64
		{243161A3-8622-468D-A903-FEB4F1003E1B}.Release|x64.Build.0 = Release|x64
		{243161A3-8622-468D-A903-FEB4F1003E1B}.Release|x86.ActiveCfg = Release|Win32
		{243161A3-8622-468D-A903-FEB4F1003E1B}.Release|x86.Build.0 = Release|Win32
	EndGlobalSection
	GlobalSection(SolutionProperties) = preSolution
		HideSolutionNode = FALSE
	EndGlobalSection
	GlobalSection(ExtensibilityGlobals) = postSolution
		SolutionGuid = {D9A92F51-767B-4589-BC1E-3E67DAE0BE56}
	EndGlobalSection
EndGlobal
